
Microsoft Visual Studio Solution File, Format Version 12.00
# Visual Studio Version 16
VisualStudioVersion = 16.0.31613.86
MinimumVisualStudioVersion = 10.0.40219.1
Project("{FAE04EC0-301F-11D3-BF4B-00C04F79EFBC}") = "Notes.Identity", "Notes.Identity\Notes.Identity.csproj", "{2B798CB6-82D6-4167-98E5-03E0D6986E73}"
EndProject
Global
	GlobalSection(SolutionConfigurationPlatforms) = preSolution
		Debug|Any CPU = Debug|Any CPU
		Release|Any CPU = Release|Any CPU
	EndGlobalSection
	GlobalSection(ProjectConfigurationPlatforms) = postSolution
		{2B798CB6-82D6-4167-98E5-03E0D6986E73}.Debug|Any CPU.ActiveCfg = Debug|Any CPU
		{2B798CB6-82D6-4167-98E5-03E0D6986E73}.Debug|Any CPU.Build.0 = Debug|Any CPU
		{2B798CB6-82D6-4167-98E5-03E0D6986E73}.Release|Any CPU.ActiveCfg = Release|Any CPU
		{2B798CB6-82D6-4167-98E5-03E0D6986E73}.Release|Any CPU.Build.0 = Release|Any CPU
	EndGlobalSection
	GlobalSection(SolutionProperties) = preSolution
		HideSolutionNode = FALSE
	EndGlobalSection
	GlobalSection(ExtensibilityGlobals) = postSolution
		SolutionGuid = {3275EFBC-0D44-419E-8A8E-6B4052C7CBA2}
	EndGlobalSection
EndGlobal
